<Solution>
  <Folder Name="/SRC/">
    <Project Path="src/MiApp.API/MiApp.API.csproj" />
    <Project Path="SRC/MiApp.Application/MiApp.Application.csproj" />
    <Project Path="SRC/MiApp.Domain/MiApp.Domain.csproj" />
    <Project Path="SRC/MiApp.Infrastructure/MiApp.Infrastructure.csproj" />
  </Folder>
  <Folder Name="/SRC/MiApp.API/" />
</Solution>
